
Microsoft Visual Studio Solution File, Format Version 12.00
# Visual Studio Version 16
VisualStudioVersion = 16.0.31410.357
MinimumVisualStudioVersion = 10.0.40219.1
Project("{FAE04EC0-301F-11D3-BF4B-00C04F79EFBC}") = "jenkinswebapp", "jenkinswebapp.csproj", "{3AB9CB87-F92A-45C6-B203-96FC11BAB51B}"
EndProject
Global
	GlobalSection(SolutionConfigurationPlatforms) = preSolution
		Debug|Any CPU = Debug|Any CPU
		Release|Any CPU = Release|Any CPU
	EndGlobalSection
	GlobalSection(ProjectConfigurationPlatforms) = postSolution
		{3AB9CB87-F92A-45C6-B203-96FC11BAB51B}.Debug|Any CPU.ActiveCfg = Debug|Any CPU
		{3AB9CB87-F92A-45C6-B203-96FC11BAB51B}.Debug|Any CPU.Build.0 = Debug|Any CPU
		{3AB9CB87-F92A-45C6-B203-96FC11BAB51B}.Release|Any CPU.ActiveCfg = Release|Any CPU
		{3AB9CB87-F92A-45C6-B203-96FC11BAB51B}.Release|Any CPU.Build.0 = Release|Any CPU
	EndGlobalSection
	GlobalSection(SolutionProperties) = preSolution
		HideSolutionNode = FALSE
	EndGlobalSection
	GlobalSection(ExtensibilityGlobals) = postSolution
		SolutionGuid = {FB0A37E1-92C7-4956-99C9-C2FD32ACD442}
	EndGlobalSection
EndGlobal
